
Microsoft Visual Studio Solution File, Format Version 12.00
# Visual Studio Version 16
VisualStudioVersion = 16.0.31727.386
MinimumVisualStudioVersion = 10.0.40219.1
Project("{2150E333-8FDC-42A3-9474-1A3956D46DE8}") = "SolutionItems", "SolutionItems", "{1ED20CC3-F8D2-4019-BC10-F848BF26E475}"
EndProject
Project("{2150E333-8FDC-42A3-9474-1A3956D46DE8}") = "Source", "Source", "{B46104B6-616B-4958-92F8-33C5BDB72A0A}"
EndProject
Project("{2150E333-8FDC-42A3-9474-1A3956D46DE8}") = "Client", "Client", "{8CE88C27-5A22-4D48-A565-75988E0C279B}"
EndProject
Project("{2150E333-8FDC-42A3-9474-1A3956D46DE8}") = "Services", "Services", "{7CE40566-E839-413B-A0B4-23C37A56BDC2}"
EndProject
Project("{2150E333-8FDC-42A3-9474-1A3956D46DE8}") = "Shared", "Shared", "{FD3907FE-054B-4198-96DA-B1752BB49E0F}"
EndProject
Project("{2150E333-8FDC-42A3-9474-1A3956D46DE8}") = "Core", "Core", "{BBA17355-CD5E-4425-8D3E-CCA2198D3296}"
EndProject
Project("{9A19103F-16F7-4668-BE54-9A1E7A4F7556}") = "Satoshi.Services.Command", "Satoshi.Services.Command\Satoshi.Services.Command.csproj", "{5A2F002F-CC72-4925-9561-503EEFAF4E9B}"
EndProject
Project("{9A19103F-16F7-4668-BE54-9A1E7A4F7556}") = "Satoshi.Services.Query", "Satoshi.Services.Query\Satoshi.Services.Query.csproj", "{0A99C297-34C8-426F-8F3F-00BC5E0EF13A}"
EndProject
Project("{9A19103F-16F7-4668-BE54-9A1E7A4F7556}") = "Sotashi.Core.Infastructure", "Sotashi.Core.Infastructure\Sotashi.Core.Infastructure.csproj", "{B60F350A-33B3-46CA-A33B-B68D7E024312}"
EndProject
Project("{9A19103F-16F7-4668-BE54-9A1E7A4F7556}") = "Satoshi.Core", "Satoshi.Core\Satoshi.Core.csproj", "{CB8B5F4D-B897-42B7-A101-328B3F9101B6}"
EndProject
Project("{9A19103F-16F7-4668-BE54-9A1E7A4F7556}") = "Satishi.Services.Authentication", "Satishi.Services.Authentication\Satishi.Services.Authentication.csproj", "{1FB4DA55-F67A-4753-B62B-94CF99A304C3}"
EndProject
Project("{9A19103F-16F7-4668-BE54-9A1E7A4F7556}") = "Satoshi.Core.Shared", "Satoshi.Core.Shared\Satoshi.Core.Shared.csproj", "{B132B80D-8C8C-41B2-89B0-CE6DFEC3A8F2}"
EndProject
Project("{2150E333-8FDC-42A3-9474-1A3956D46DE8}") = "Authentication", "Authentication", "{9CA6B653-4B32-4287-AA07-661DDA2D6981}"
EndProject
Project("{9A19103F-16F7-4668-BE54-9A1E7A4F7556}") = "Satoshi.Core.Authentication.Infrastructure", "Satoshi.Core.Authentication.Infrastructure\Satoshi.Core.Authentication.Infrastructure.csproj", "{7CC2907D-4918-4ABB-9883-786CF8F5751A}"
EndProject
Project("{9A19103F-16F7-4668-BE54-9A1E7A4F7556}") = "Satoshi.Core.Authentication", "Satoshi.Core.Authentication\Satoshi.Core.Authentication.csproj", "{C313E6AE-19DC-4EA3-972A-731115FB827C}"
EndProject
Project("{9A19103F-16F7-4668-BE54-9A1E7A4F7556}") = "Satoshi.Shared.Common", "Satoshi.Shared.Common\Satoshi.Shared.Common.csproj", "{16EE03B2-6DB1-47F7-B8AF-21A07EC56334}"
EndProject
Project("{9A19103F-16F7-4668-BE54-9A1E7A4F7556}") = "Satoshi.Client.Web", "Satoshi.Client.Web\Satoshi.Client.Web.csproj", "{057E3A72-8EB9-4FC7-98F5-D30712C39EB8}"
EndProject
Project("{E53339B2-1760-4266-BCC7-CA923CBCF16C}") = "docker-compose", "docker-compose.dcproj", "{D5D85DE4-9E50-4F5F-A24F-75205B887817}"
EndProject
Global
	GlobalSection(SolutionConfigurationPlatforms) = preSolution
		Debug|Any CPU = Debug|Any CPU
		Release|Any CPU = Release|Any CPU
	EndGlobalSection
	GlobalSection(ProjectConfigurationPlatforms) = postSolution
		{5A2F002F-CC72-4925-9561-503EEFAF4E9B}.Debug|Any CPU.ActiveCfg = Debug|Any CPU
		{5A2F002F-CC72-4925-9561-503EEFAF4E9B}.Debug|Any CPU.Build.0 = Debug|Any CPU
		{5A2F002F-CC72-4925-9561-503EEFAF4E9B}.Release|Any CPU.ActiveCfg = Release|Any CPU
		{5A2F002F-CC72-4925-9561-503EEFAF4E9B}.Release|Any CPU.Build.0 = Release|Any CPU
		{0A99C297-34C8-426F-8F3F-00BC5E0EF13A}.Debug|Any CPU.ActiveCfg = Debug|Any CPU
		{0A99C297-34C8-426F-8F3F-00BC5E0EF13A}.Debug|Any CPU.Build.0 = Debug|Any CPU
		{0A99C297-34C8-426F-8F3F-00BC5E0EF13A}.Release|Any CPU.ActiveCfg = Release|Any CPU
		{0A99C297-34C8-426F-8F3F-00BC5E0EF13A}.Release|Any CPU.Build.0 = Release|Any CPU
		{B60F350A-33B3-46CA-A33B-B68D7E024312}.Debug|Any CPU.ActiveCfg = Debug|Any CPU
		{B60F350A-33B3-46CA-A33B-B68D7E024312}.Debug|Any CPU.Build.0 = Debug|Any CPU
		{B60F350A-33B3-46CA-A33B-B68D7E024312}.Release|Any CPU.ActiveCfg = Release|Any CPU
		{B60F350A-33B3-46CA-A33B-B68D7E024312}.Release|Any CPU.Build.0 = Release|Any CPU
		{CB8B5F4D-B897-42B7-A101-328B3F9101B6}.Debug|Any CPU.ActiveCfg = Debug|Any CPU
		{CB8B5F4D-B897-42B7-A101-328B3F9101B6}.Debug|Any CPU.Build.0 = Debug|Any CPU
		{CB8B5F4D-B897-42B7-A101-328B3F9101B6}.Release|Any CPU.ActiveCfg = Release|Any CPU
		{CB8B5F4D-B897-42B7-A101-328B3F9101B6}.Release|Any CPU.Build.0 = Release|Any CPU
		{1FB4DA55-F67A-4753-B62B-94CF99A304C3}.Debug|Any CPU.ActiveCfg = Debug|Any CPU
		{1FB4DA55-F67A-4753-B62B-94CF99A304C3}.Debug|Any CPU.Build.0 = Debug|Any CPU
		{1FB4DA55-F67A-4753-B62B-94CF99A304C3}.Release|Any CPU.ActiveCfg = Release|Any CPU
		{1FB4DA55-F67A-4753-B62B-94CF99A304C3}.Release|Any CPU.Build.0 = Release|Any CPU
		{B132B80D-8C8C-41B2-89B0-CE6DFEC3A8F2}.Debug|Any CPU.ActiveCfg = Debug|Any CPU
		{B132B80D-8C8C-41B2-89B0-CE6DFEC3A8F2}.Debug|Any CPU.Build.0 = Debug|Any CPU
		{B132B80D-8C8C-41B2-89B0-CE6DFEC3A8F2}.Release|Any CPU.ActiveCfg = Release|Any CPU
		{B132B80D-8C8C-41B2-89B0-CE6DFEC3A8F2}.Release|Any CPU.Build.0 = Release|Any CPU
		{7CC2907D-4918-4ABB-9883-786CF8F5751A}.Debug|Any CPU.ActiveCfg = Debug|Any CPU
		{7CC2907D-4918-4ABB-9883-786CF8F5751A}.Debug|Any CPU.Build.0 = Debug|Any CPU
		{7CC2907D-4918-4ABB-9883-786CF8F5751A}.Release|Any CPU.ActiveCfg = Release|Any CPU
		{7CC2907D-4918-4ABB-9883-786CF8F5751A}.Release|Any CPU.Build.0 = Release|Any CPU
		{C313E6AE-19DC-4EA3-972A-731115FB827C}.Debug|Any CPU.ActiveCfg = Debug|Any CPU
		{C313E6AE-19DC-4EA3-972A-731115FB827C}.Debug|Any CPU.Build.0 = Debug|Any CPU
		{C313E6AE-19DC-4EA3-972A-731115FB827C}.Release|Any CPU.ActiveCfg = Release|Any CPU
		{C313E6AE-19DC-4EA3-972A-731115FB827C}.Release|Any CPU.Build.0 = Release|Any CPU
		{16EE03B2-6DB1-47F7-B8AF-21A07EC56334}.Debug|Any CPU.ActiveCfg = Debug|Any CPU
		{16EE03B2-6DB1-47F7-B8AF-21A07EC56334}.Debug|Any CPU.Build.0 = Debug|Any CPU
		{16EE03B2-6DB1-47F7-B8AF-21A07EC56334}.Release|Any CPU.ActiveCfg = Release|Any CPU
		{16EE03B2-6DB1-47F7-B8AF-21A07EC56334}.Release|Any CPU.Build.0 = Release|Any CPU
		{057E3A72-8EB9-4FC7-98F5-D30712C39EB8}.Debug|Any CPU.ActiveCfg = Debug|Any CPU
		{057E3A72-8EB9-4FC7-98F5-D30712C39EB8}.Debug|Any CPU.Build.0 = Debug|Any CPU
		{057E3A72-8EB9-4FC7-98F5-D30712C39EB8}.Release|Any CPU.ActiveCfg = Release|Any CPU
		{057E3A72-8EB9-4FC7-98F5-D30712C39EB8}.Release|Any CPU.Build.0 = Release|Any CPU
		{D5D85DE4-9E50-4F5F-A24F-75205B887817}.Debug|Any CPU.ActiveCfg = Debug|Any CPU
		{D5D85DE4-9E50-4F5F-A24F-75205B887817}.Debug|Any CPU.Build.0 = Debug|Any CPU
		{D5D85DE4-9E50-4F5F-A24F-75205B887817}.Release|Any CPU.ActiveCfg = Release|Any CPU
		{D5D85DE4-9E50-4F5F-A24F-75205B887817}.Release|Any CPU.Build.0 = Release|Any CPU
	EndGlobalSection
	GlobalSection(SolutionProperties) = preSolution
		HideSolutionNode = FALSE
	EndGlobalSection
	GlobalSection(NestedProjects) = preSolution
		{8CE88C27-5A22-4D48-A565-75988E0C279B} = {B46104B6-616B-4958-92F8-33C5BDB72A0A}
		{7CE40566-E839-413B-A0B4-23C37A56BDC2} = {B46104B6-616B-4958-92F8-33C5BDB72A0A}
		{FD3907FE-054B-4198-96DA-B1752BB49E0F} = {B46104B6-616B-4958-92F8-33C5BDB72A0A}
		{BBA17355-CD5E-4425-8D3E-CCA2198D3296} = {B46104B6-616B-4958-92F8-33C5BDB72A0A}
		{5A2F002F-CC72-4925-9561-503EEFAF4E9B} = {7CE40566-E839-413B-A0B4-23C37A56BDC2}
		{0A99C297-34C8-426F-8F3F-00BC5E0EF13A} = {7CE40566-E839-413B-A0B4-23C37A56BDC2}
		{B60F350A-33B3-46CA-A33B-B68D7E024312} = {BBA17355-CD5E-4425-8D3E-CCA2198D3296}
		{CB8B5F4D-B897-42B7-A101-328B3F9101B6} = {BBA17355-CD5E-4425-8D3E-CCA2198D3296}
		{1FB4DA55-F67A-4753-B62B-94CF99A304C3} = {7CE40566-E839-413B-A0B4-23C37A56BDC2}
		{B132B80D-8C8C-41B2-89B0-CE6DFEC3A8F2} = {BBA17355-CD5E-4425-8D3E-CCA2198D3296}
		{9CA6B653-4B32-4287-AA07-661DDA2D6981} = {BBA17355-CD5E-4425-8D3E-CCA2198D3296}
		{7CC2907D-4918-4ABB-9883-786CF8F5751A} = {9CA6B653-4B32-4287-AA07-661DDA2D6981}
		{C313E6AE-19DC-4EA3-972A-731115FB827C} = {9CA6B653-4B32-4287-AA07-661DDA2D6981}
		{16EE03B2-6DB1-47F7-B8AF-21A07EC56334} = {FD3907FE-054B-4198-96DA-B1752BB49E0F}
		{057E3A72-8EB9-4FC7-98F5-D30712C39EB8} = {8CE88C27-5A22-4D48-A565-75988E0C279B}
	EndGlobalSection
	GlobalSection(ExtensibilityGlobals) = postSolution
		SolutionGuid = {C67FE785-A3C8-4605-99C8-C6ADB657F5E6}
	EndGlobalSection
EndGlobal
